{
  "requires": true,
  "lockfileVersion": 1,
  "dependencies": {
    "eslint-config-prettier": {
      "version": "8.6.0",
      "resolved": "https://registry.npmjs.org/eslint-config-prettier/-/eslint-config-prettier-8.6.0.tgz",
      "integrity": "sha512-bAF0eLpLVqP5oEVUFKpMA+NnRFICwn9X8B5jrR9FcqnYBuPbqWEjTEspPWMj5ye6czoSLDweCzSo3Ko7gGrZaA=="
    },
    "prettier": {
      "version": "2.8.3",
      "resolved": "https://registry.npmjs.org/prettier/-/prettier-2.8.3.tgz",
      "integrity": "sha512-tJ/oJ4amDihPoufT5sM0Z1SKEuKay8LfVAMlbbhnnkvt6BUserZylqo2PN+p9KeljLr0OHa2rXHU1T8reeoTrw=="
    }
  }
}
